cookbook 'fcrepo', :path => '/home/berryb/pr/fcrepo'
cookbook 'java', :git => 'git://github.com/bryanwb/java.git', :ref => 'f18910ccb28e06a295649cce4a518bcc67ce2a73'
cookbook 'maven', :git => 'git://github.com/bryanwb/maven.git', :ref => '08dacba4f20f9545b64e1c4aa97f145b120573f4'
cookbook 'ark', :locked_version => '0.0.11'
cookbook 'sudo', :locked_version => '1.1.0'
cookbook 'yumrepo', :git => 'git://github.com/bryanwb/cookbook-yumrepo.git', :ref => '8abc6b34b2b9cb9bd3ee96514b0fb69d2019a574'
cookbook 'minitest-handler', :git => 'git://github.com/btm/minitest-handler-cookbook.git', :ref => 'e5a8d5280a29c51221f81339ccc59c901b524000'
cookbook 'chef_handler', :locked_version => '1.0.6'
cookbook 'yum', :locked_version => '0.8.0'