cookbook 'fcrepo', :path => '/home/berryb/pr/fcrepo'
cookbook 'maven', :locked_version => '0.2.0'
cookbook 'ark', :locked_version => '0.0.11'
cookbook 'sudo', :locked_version => '1.1.0'
cookbook 'yumrepo', :locked_version => '0.16.2'
cookbook 'minitest-handler', :git => 'git://github.com/btm/minitest-handler-cookbook.git', :ref => 'e5a8d5280a29c51221f81339ccc59c901b524000'
cookbook 'chef_handler', :locked_version => '1.0.6'
cookbook 'java', :locked_version => '1.5.2'
cookbook 'yum', :locked_version => '0.8.0'